
Microsoft Visual Studio Solution File, Format Version 12.00
# Visual Studio Version 16
VisualStudioVersion = 16.0.30320.27
MinimumVisualStudioVersion = 10.0.40219.1
Project("{FAE04EC0-301F-11D3-BF4B-00C04F79EFBC}") = "pdc", "pdc\pdc.csproj", "{D603E06E-3A0E-45EE-B2EA-6F7D1E1AAFCD}"
EndProject
Global
	GlobalSection(SolutionConfigurationPlatforms) = preSolution
		Debug|Any CPU = Debug|Any CPU
		Release|Any CPU = Release|Any CPU
	EndGlobalSection
	GlobalSection(ProjectConfigurationPlatforms) = postSolution
		{D603E06E-3A0E-45EE-B2EA-6F7D1E1AAFCD}.Debug|Any CPU.ActiveCfg = Debug|Any CPU
		{D603E06E-3A0E-45EE-B2EA-6F7D1E1AAFCD}.Debug|Any CPU.Build.0 = Debug|Any CPU
		{D603E06E-3A0E-45EE-B2EA-6F7D1E1AAFCD}.Release|Any CPU.ActiveCfg = Release|Any CPU
		{D603E06E-3A0E-45EE-B2EA-6F7D1E1AAFCD}.Release|Any CPU.Build.0 = Release|Any CPU
	EndGlobalSection
	GlobalSection(SolutionProperties) = preSolution
		HideSolutionNode = FALSE
	EndGlobalSection
	GlobalSection(ExtensibilityGlobals) = postSolution
		SolutionGuid = {81608CE5-7829-4840-921A-41A8281BF1DC}
	EndGlobalSection
EndGlobal
